{
    "version": 3,
    "terraform_version": "0.10.8",
    "serial": 6,
    "lineage": "0c9acaa9-a7e7-4510-bbd2-15b8e523204d",
    "modules": [
        {
            "path": [
                "root"
            ],
            "outputs": {},
            "resources": {
                "aws_eip.example-ip": {
                    "type": "aws_eip",
                    "depends_on": [
                        "aws_instance.example"
                    ],
                    "primary": {
                        "id": "eipalloc-fe5ca9ca",
                        "attributes": {
                            "association_id": "eipassoc-aff58499",
                            "domain": "vpc",
                            "id": "eipalloc-fe5ca9ca",
                            "instance": "i-0b93888dffe7c5864",
                            "network_interface": "eni-b6c8693a",
                            "private_ip": "172.31.40.251",
                            "public_ip": "54.156.186.106",
                            "vpc": "true"
                        },
                        "meta": {},
                        "tainted": false
                    },
                    "deposed": [],
                    "provider": ""
                },
                "aws_instance.another": {
                    "type": "aws_instance",
                    "depends_on": [],
                    "primary": {
                        "id": "i-00f5d9e42064f12bd",
                        "attributes": {
                            "ami": "ami-b374d5a5",
                            "associate_public_ip_address": "true",
                            "availability_zone": "us-east-1d",
                            "disable_api_termination": "false",
                            "ebs_block_device.#": "0",
                            "ebs_optimized": "false",
                            "ephemeral_block_device.#": "0",
                            "iam_instance_profile": "",
                            "id": "i-00f5d9e42064f12bd",
                            "instance_state": "running",
                            "instance_type": "t2.micro",
                            "ipv6_addresses.#": "0",
                            "key_name": "terraform-examples",
                            "monitoring": "false",
                            "network_interface.#": "0",
                            "network_interface_id": "eni-77c869fb",
                            "primary_network_interface_id": "eni-77c869fb",
                            "private_dns": "ip-172-31-42-17.ec2.internal",
                            "private_ip": "172.31.42.17",
                            "public_dns": "ec2-54-237-149-57.compute-1.amazonaws.com",
                            "public_ip": "54.237.149.57",
                            "root_block_device.#": "1",
                            "root_block_device.0.delete_on_termination": "true",
                            "root_block_device.0.iops": "100",
                            "root_block_device.0.volume_size": "8",
                            "root_block_device.0.volume_type": "gp2",
                            "security_groups.#": "1",
                            "security_groups.3814588639": "default",
                            "source_dest_check": "true",
                            "subnet_id": "subnet-e35d03cb",
                            "tags.%": "0",
                            "tenancy": "default",
                            "volume_tags.%": "0",
                            "vpc_security_group_ids.#": "0"
                        },
                        "meta": {
                            "e2bfb730-ecaa-11e6-8f88-34363bc7c4c0": {
                                "create": 600000000000,
                                "delete": 600000000000,
                                "update": 600000000000
                            },
                            "schema_version": "1"
                        },
                        "tainted": false
                    },
                    "deposed": [],
                    "provider": ""
                },
                "aws_instance.example": {
                    "type": "aws_instance",
                    "depends_on": [],
                    "primary": {
                        "id": "i-0b93888dffe7c5864",
                        "attributes": {
                            "ami": "ami-b374d5a5",
                            "associate_public_ip_address": "true",
                            "availability_zone": "us-east-1d",
                            "disable_api_termination": "false",
                            "ebs_block_device.#": "0",
                            "ebs_optimized": "false",
                            "ephemeral_block_device.#": "0",
                            "iam_instance_profile": "",
                            "id": "i-0b93888dffe7c5864",
                            "instance_state": "running",
                            "instance_type": "t2.micro",
                            "ipv6_addresses.#": "0",
                            "key_name": "terraform-examples",
                            "monitoring": "false",
                            "network_interface.#": "0",
                            "network_interface_id": "eni-b6c8693a",
                            "primary_network_interface_id": "eni-b6c8693a",
                            "private_dns": "ip-172-31-40-251.ec2.internal",
                            "private_ip": "172.31.40.251",
                            "public_dns": "ec2-107-23-90-81.compute-1.amazonaws.com",
                            "public_ip": "107.23.90.81",
                            "root_block_device.#": "1",
                            "root_block_device.0.delete_on_termination": "true",
                            "root_block_device.0.iops": "100",
                            "root_block_device.0.volume_size": "8",
                            "root_block_device.0.volume_type": "gp2",
                            "security_groups.#": "1",
                            "security_groups.3814588639": "default",
                            "source_dest_check": "true",
                            "subnet_id": "subnet-e35d03cb",
                            "tags.%": "0",
                            "tenancy": "default",
                            "volume_tags.%": "0",
                            "vpc_security_group_ids.#": "0"
                        },
                        "meta": {
                            "e2bfb730-ecaa-11e6-8f88-34363bc7c4c0": {
                                "create": 600000000000,
                                "delete": 600000000000,
                                "update": 600000000000
                            },
                            "schema_version": "1"
                        },
                        "tainted": false
                    },
                    "deposed": [],
                    "provider": ""
                }
            },
            "depends_on": []
        }
    ]
}
